// !$*UTF8*$!
{
	archiveVersion = 1;
	classes = {
	};
	objectVersion = 77;
	objects = {

/* Begin PBXBuildFile section */
		8A98F55D2F8A90A700D7ECF2 /* WidgetKit.framework in Frameworks */ = {isa = PBXBuildFile; fileRef = 8A98F55C2F8A90A600D7ECF2 /* WidgetKit.framework */; };
		8A98F55F2F8A90A700D7ECF2 /* SwiftUI.framework in Frameworks */ = {isa = PBXBuildFile; fileRef = 8A98F55E2F8A90A700D7ECF2 /* SwiftUI.framework */; };
		8A98F56E2F8A90A800D7ECF2 /* ClaudeUsageWidgetExtension.appex in Embed Foundation Extensions */ = {isa = PBXBuildFile; fileRef = 8A98F55A2F8A90A600D7ECF2 /* ClaudeUsageWidgetExtension.appex */; settings = {ATTRIBUTES = (RemoveHeadersOnCopy, ); }; };
		AA000001000000000000001A /* ClaudeUsageApp.swift in Sources */ = {isa = PBXBuildFile; fileRef = AA000001000000000000001B /* ClaudeUsageApp.swift */; };
		BB000001000000000000001A /* DataFetcher.swift in Sources */ = {isa = PBXBuildFile; fileRef = BB000001000000000000001B /* DataFetcher.swift */; };
		BB000001000000000000002A /* SettingsView.swift in Sources */ = {isa = PBXBuildFile; fileRef = BB000001000000000000002B /* SettingsView.swift */; };
		CC000001000000000000001A /* NotificationManager.swift in Sources */ = {isa = PBXBuildFile; fileRef = CC000001000000000000001B /* NotificationManager.swift */; };
		CC000001000000000000002A /* HistoryStore.swift in Sources */ = {isa = PBXBuildFile; fileRef = CC000001000000000000002B /* HistoryStore.swift */; };
		CC000001000000000000003A /* HistoryView.swift in Sources */ = {isa = PBXBuildFile; fileRef = CC000001000000000000003B /* HistoryView.swift */; };
		DD000001000000000000001A /* Assets.xcassets in Resources */ = {isa = PBXBuildFile; fileRef = DD000001000000000000001B /* Assets.xcassets */; };
		EE000001000000000000001A /* ServerInstaller.swift in Sources */ = {isa = PBXBuildFile; fileRef = EE000001000000000000001B /* ServerInstaller.swift */; };
		EE000001000000000000002A /* widget-server.py in Resources */ = {isa = PBXBuildFile; fileRef = EE000001000000000000002B /* widget-server.py */; };
/* End PBXBuildFile section */

/* Begin PBXContainerItemProxy section */
		8A98F56C2F8A90A800D7ECF2 /* PBXContainerItemProxy */ = {
			isa = PBXContainerItemProxy;
			containerPortal = 8A98F5402F8A907F00D7ECF2 /* Project object */;
			proxyType = 1;
			remoteGlobalIDString = 8A98F5592F8A90A600D7ECF2;
			remoteInfo = ClaudeUsageWidgetExtension;
		};
/* End PBXContainerItemProxy section */

/* Begin PBXCopyFilesBuildPhase section */
		8A98F5732F8A90A800D7ECF2 /* Embed Foundation Extensions */ = {
			isa = PBXCopyFilesBuildPhase;
			buildActionMask = 2147483647;
			dstPath = "";
			dstSubfolderSpec = 13;
			files = (
				8A98F56E2F8A90A800D7ECF2 /* ClaudeUsageWidgetExtension.appex in Embed Foundation Extensions */,
			);
			name = "Embed Foundation Extensions";
			runOnlyForDeploymentPostprocessing = 0;
		};
/* End PBXCopyFilesBuildPhase section */

/* Begin PBXFileReference section */
		8A98F5482F8A907F00D7ECF2 /* ClaudeUsage.app */ = {isa = PBXFileReference; explicitFileType = wrapper.application; includeInIndex = 0; path = ClaudeUsage.app; sourceTree = BUILT_PRODUCTS_DIR; };
		8A98F55A2F8A90A600D7ECF2 /* ClaudeUsageWidgetExtension.appex */ = {isa = PBXFileReference; explicitFileType = "wrapper.app-extension"; includeInIndex = 0; path = ClaudeUsageWidgetExtension.appex; sourceTree = BUILT_PRODUCTS_DIR; };
		8A98F55C2F8A90A600D7ECF2 /* WidgetKit.framework */ = {isa = PBXFileReference; lastKnownFileType = wrapper.framework; name = WidgetKit.framework; path = System/Library/Frameworks/WidgetKit.framework; sourceTree = SDKROOT; };
		8A98F55E2F8A90A700D7ECF2 /* SwiftUI.framework */ = {isa = PBXFileReference; lastKnownFileType = wrapper.framework; name = SwiftUI.framework; path = System/Library/Frameworks/SwiftUI.framework; sourceTree = SDKROOT; };
		AA000001000000000000001B /* ClaudeUsageApp.swift */ = {isa = PBXFileReference; lastKnownFileType = sourcecode.swift; path = ClaudeUsageApp.swift; sourceTree = "<group>"; };
		BB000001000000000000001B /* DataFetcher.swift */ = {isa = PBXFileReference; lastKnownFileType = sourcecode.swift; path = DataFetcher.swift; sourceTree = "<group>"; };
		BB000001000000000000002B /* SettingsView.swift */ = {isa = PBXFileReference; lastKnownFileType = sourcecode.swift; path = SettingsView.swift; sourceTree = "<group>"; };
		CC000001000000000000001B /* NotificationManager.swift */ = {isa = PBXFileReference; lastKnownFileType = sourcecode.swift; path = NotificationManager.swift; sourceTree = "<group>"; };
		CC000001000000000000002B /* HistoryStore.swift */ = {isa = PBXFileReference; lastKnownFileType = sourcecode.swift; path = HistoryStore.swift; sourceTree = "<group>"; };
		CC000001000000000000003B /* HistoryView.swift */ = {isa = PBXFileReference; lastKnownFileType = sourcecode.swift; path = HistoryView.swift; sourceTree = "<group>"; };
		BB000001000000000000003B /* ClaudeUsage.entitlements */ = {isa = PBXFileReference; lastKnownFileType = text.plist.entitlements; path = ClaudeUsage.entitlements; sourceTree = "<group>"; };
		DD000001000000000000001B /* Assets.xcassets */ = {isa = PBXFileReference; lastKnownFileType = folder.assetcatalog; path = Assets.xcassets; sourceTree = "<group>"; };
		EE000001000000000000001B /* ServerInstaller.swift */ = {isa = PBXFileReference; lastKnownFileType = sourcecode.swift; path = ServerInstaller.swift; sourceTree = "<group>"; };
		EE000001000000000000002B /* widget-server.py */ = {isa = PBXFileReference; lastKnownFileType = text.script.python; path = "widget-server.py"; sourceTree = "<group>"; };
/* End PBXFileReference section */

/* Begin PBXFileSystemSynchronizedBuildFileExceptionSet section */
		8A98F56F2F8A90A800D7ECF2 /* Exceptions for "ClaudeUsageWidget" folder in "ClaudeUsageWidgetExtension" target */ = {
			isa = PBXFileSystemSynchronizedBuildFileExceptionSet;
			membershipExceptions = (
				Info.plist,
				ClaudeUsageWidget.entitlements,
			);
			target = 8A98F5592F8A90A600D7ECF2 /* ClaudeUsageWidgetExtension */;
		};
/* End PBXFileSystemSynchronizedBuildFileExceptionSet section */

/* Begin PBXFileSystemSynchronizedRootGroup section */
		8A98F5602F8A90A700D7ECF2 /* ClaudeUsageWidget */ = {
			isa = PBXFileSystemSynchronizedRootGroup;
			exceptions = (
				8A98F56F2F8A90A800D7ECF2 /* Exceptions for "ClaudeUsageWidget" folder in "ClaudeUsageWidgetExtension" target */,
			);
			path = ClaudeUsageWidget;
			sourceTree = "<group>";
		};
/* End PBXFileSystemSynchronizedRootGroup section */

/* Begin PBXFrameworksBuildPhase section */
		8A98F5452F8A907F00D7ECF2 /* Frameworks */ = {
			isa = PBXFrameworksBuildPhase;
			buildActionMask = 2147483647;
			files = (
			);
			runOnlyForDeploymentPostprocessing = 0;
		};
		8A98F5572F8A90A600D7ECF2 /* Frameworks */ = {
			isa = PBXFrameworksBuildPhase;
			buildActionMask = 2147483647;
			files = (
				8A98F55F2F8A90A700D7ECF2 /* SwiftUI.framework in Frameworks */,
				8A98F55D2F8A90A700D7ECF2 /* WidgetKit.framework in Frameworks */,
			);
			runOnlyForDeploymentPostprocessing = 0;
		};
/* End PBXFrameworksBuildPhase section */

/* Begin PBXGroup section */
		8A98F53F2F8A907F00D7ECF2 = {
			isa = PBXGroup;
			children = (
				AA000001000000000000001B /* ClaudeUsageApp.swift */,
				BB000001000000000000001B /* DataFetcher.swift */,
				BB000001000000000000002B /* SettingsView.swift */,
				CC000001000000000000001B /* NotificationManager.swift */,
				CC000001000000000000002B /* HistoryStore.swift */,
				CC000001000000000000003B /* HistoryView.swift */,
				BB000001000000000000003B /* ClaudeUsage.entitlements */,
				DD000001000000000000001B /* Assets.xcassets */,
				EE000001000000000000001B /* ServerInstaller.swift */,
				EE000001000000000000002B /* widget-server.py */,
				8A98F5602F8A90A700D7ECF2 /* ClaudeUsageWidget */,
				8A98F55B2F8A90A600D7ECF2 /* Frameworks */,
				8A98F5492F8A907F00D7ECF2 /* Products */,
			);
			sourceTree = "<group>";
		};
		8A98F5492F8A907F00D7ECF2 /* Products */ = {
			isa = PBXGroup;
			children = (
				8A98F5482F8A907F00D7ECF2 /* ClaudeUsage.app */,
				8A98F55A2F8A90A600D7ECF2 /* ClaudeUsageWidgetExtension.appex */,
			);
			name = Products;
			sourceTree = "<group>";
		};
		8A98F55B2F8A90A600D7ECF2 /* Frameworks */ = {
			isa = PBXGroup;
			children = (
				8A98F55C2F8A90A600D7ECF2 /* WidgetKit.framework */,
				8A98F55E2F8A90A700D7ECF2 /* SwiftUI.framework */,
			);
			name = Frameworks;
			sourceTree = "<group>";
		};
/* End PBXGroup section */

/* Begin PBXNativeTarget section */
		8A98F5472F8A907F00D7ECF2 /* ClaudeUsage */ = {
			isa = PBXNativeTarget;
			buildConfigurationList = 8A98F5532F8A908000D7ECF2 /* Build configuration list for PBXNativeTarget "ClaudeUsage" */;
			buildPhases = (
				8A98F5442F8A907F00D7ECF2 /* Sources */,
				8A98F5452F8A907F00D7ECF2 /* Frameworks */,
				8A98F5462F8A907F00D7ECF2 /* Resources */,
				8A98F5732F8A90A800D7ECF2 /* Embed Foundation Extensions */,
			);
			buildRules = (
			);
			dependencies = (
				8A98F56D2F8A90A800D7ECF2 /* PBXTargetDependency */,
			);
			name = ClaudeUsage;
			packageProductDependencies = (
			);
			productName = ClaudeUsage;
			productReference = 8A98F5482F8A907F00D7ECF2 /* ClaudeUsage.app */;
			productType = "com.apple.product-type.application";
		};
		8A98F5592F8A90A600D7ECF2 /* ClaudeUsageWidgetExtension */ = {
			isa = PBXNativeTarget;
			buildConfigurationList = 8A98F5702F8A90A800D7ECF2 /* Build configuration list for PBXNativeTarget "ClaudeUsageWidgetExtension" */;
			buildPhases = (
				8A98F5562F8A90A600D7ECF2 /* Sources */,
				8A98F5572F8A90A600D7ECF2 /* Frameworks */,
				8A98F5582F8A90A600D7ECF2 /* Resources */,
			);
			buildRules = (
			);
			dependencies = (
			);
			fileSystemSynchronizedGroups = (
				8A98F5602F8A90A700D7ECF2 /* ClaudeUsageWidget */,
			);
			name = ClaudeUsageWidgetExtension;
			packageProductDependencies = (
			);
			productName = ClaudeUsageWidgetExtension;
			productReference = 8A98F55A2F8A90A600D7ECF2 /* ClaudeUsageWidgetExtension.appex */;
			productType = "com.apple.product-type.app-extension";
		};
/* End PBXNativeTarget section */

/* Begin PBXProject section */
		8A98F5402F8A907F00D7ECF2 /* Project object */ = {
			isa = PBXProject;
			attributes = {
				BuildIndependentTargetsInParallel = 1;
				LastSwiftUpdateCheck = 2640;
				LastUpgradeCheck = 2640;
				TargetAttributes = {
					8A98F5472F8A907F00D7ECF2 = {
						CreatedOnToolsVersion = 26.4;
					};
					8A98F5592F8A90A600D7ECF2 = {
						CreatedOnToolsVersion = 26.4;
					};
				};
			};
			buildConfigurationList = 8A98F5432F8A907F00D7ECF2 /* Build configuration list for PBXProject "ClaudeUsage" */;
			developmentRegion = en;
			hasScannedForEncodings = 0;
			knownRegions = (
				en,
				Base,
			);
			mainGroup = 8A98F53F2F8A907F00D7ECF2;
			minimizedProjectReferenceProxies = 1;
			preferredProjectObjectVersion = 77;
			productRefGroup = 8A98F5492F8A907F00D7ECF2 /* Products */;
			projectDirPath = "";
			projectRoot = "";
			targets = (
				8A98F5472F8A907F00D7ECF2 /* ClaudeUsage */,
				8A98F5592F8A90A600D7ECF2 /* ClaudeUsageWidgetExtension */,
			);
		};
/* End PBXProject section */

/* Begin PBXResourcesBuildPhase section */
		8A98F5462F8A907F00D7ECF2 /* Resources */ = {
			isa = PBXResourcesBuildPhase;
			buildActionMask = 2147483647;
			files = (
				DD000001000000000000001A /* Assets.xcassets in Resources */,
				EE000001000000000000002A /* widget-server.py in Resources */,
			);
			runOnlyForDeploymentPostprocessing = 0;
		};
		8A98F5582F8A90A600D7ECF2 /* Resources */ = {
			isa = PBXResourcesBuildPhase;
			buildActionMask = 2147483647;
			files = (
			);
			runOnlyForDeploymentPostprocessing = 0;
		};
/* End PBXResourcesBuildPhase section */

/* Begin PBXSourcesBuildPhase section */
		8A98F5442F8A907F00D7ECF2 /* Sources */ = {
			isa = PBXSourcesBuildPhase;
			buildActionMask = 2147483647;
			files = (
				AA000001000000000000001A /* ClaudeUsageApp.swift in Sources */,
				BB000001000000000000001A /* DataFetcher.swift in Sources */,
				BB000001000000000000002A /* SettingsView.swift in Sources */,
				CC000001000000000000001A /* NotificationManager.swift in Sources */,
				CC000001000000000000002A /* HistoryStore.swift in Sources */,
				CC000001000000000000003A /* HistoryView.swift in Sources */,
				EE000001000000000000001A /* ServerInstaller.swift in Sources */,
			);
			runOnlyForDeploymentPostprocessing = 0;
		};
		8A98F5562F8A90A600D7ECF2 /* Sources */ = {
			isa = PBXSourcesBuildPhase;
			buildActionMask = 2147483647;
			files = (
			);
			runOnlyForDeploymentPostprocessing = 0;
		};
/* End PBXSourcesBuildPhase section */

/* Begin PBXTargetDependency section */
		8A98F56D2F8A90A800D7ECF2 /* PBXTargetDependency */ = {
			isa = PBXTargetDependency;
			target = 8A98F5592F8A90A600D7ECF2 /* ClaudeUsageWidgetExtension */;
			targetProxy = 8A98F56C2F8A90A800D7ECF2 /* PBXContainerItemProxy */;
		};
/* End PBXTargetDependency section */

/* Begin XCBuildConfiguration section */
		8A98F5512F8A908000D7ECF2 /* Debug */ = {
			isa = XCBuildConfiguration;
			buildSettings = {
				ALWAYS_SEARCH_USER_PATHS = NO;
				ASSETCATALOG_COMPILER_GENERATE_SWIFT_ASSET_SYMBOL_EXTENSIONS = YES;
				CLANG_ANALYZER_NONNULL = YES;
				CLANG_ANALYZER_NUMBER_OBJECT_CONVERSION = YES_AGGRESSIVE;
				CLANG_CXX_LANGUAGE_STANDARD = "gnu++20";
				CLANG_ENABLE_MODULES = YES;
				CLANG_ENABLE_OBJC_ARC = YES;
				CLANG_ENABLE_OBJC_WEAK = YES;
				CLANG_WARN_BLOCK_CAPTURE_AUTORELEASING = YES;
				CLANG_WARN_BOOL_CONVERSION = YES;
				CLANG_WARN_COMMA = YES;
				CLANG_WARN_CONSTANT_CONVERSION = YES;
				CLANG_WARN_DEPRECATED_OBJC_IMPLEMENTATIONS = YES;
				CLANG_WARN_DIRECT_OBJC_ISA_USAGE = YES_ERROR;
				CLANG_WARN_DOCUMENTATION_COMMENTS = YES;
				CLANG_WARN_EMPTY_BODY = YES;
				CLANG_WARN_ENUM_CONVERSION = YES;
				CLANG_WARN_INFINITE_RECURSION = YES;
				CLANG_WARN_INT_CONVERSION = YES;
				CLANG_WARN_NON_LITERAL_NULL_CONVERSION = YES;
				CLANG_WARN_OBJC_IMPLICIT_RETAIN_SELF = YES;
				CLANG_WARN_OBJC_LITERAL_CONVERSION = YES;
				CLANG_WARN_OBJC_ROOT_CLASS = YES_ERROR;
				CLANG_WARN_QUOTED_INCLUDE_IN_FRAMEWORK_HEADER = YES;
				CLANG_WARN_RANGE_LOOP_ANALYSIS = YES;
				CLANG_WARN_STRICT_PROTOTYPES = YES;
				CLANG_WARN_SUSPICIOUS_MOVE = YES;
				CLANG_WARN_UNGUARDED_AVAILABILITY = YES_AGGRESSIVE;
				CLANG_WARN_UNREACHABLE_CODE = YES;
				CLANG_WARN__DUPLICATE_METHOD_MATCH = YES;
				COPY_PHASE_STRIP = NO;
				DEBUG_INFORMATION_FORMAT = dwarf;
				DEVELOPMENT_TEAM = YQ64SRCZ7S;
				ENABLE_STRICT_OBJC_MSGSEND = YES;
				ENABLE_TESTABILITY = YES;
				ENABLE_USER_SCRIPT_SANDBOXING = YES;
				GCC_C_LANGUAGE_STANDARD = gnu17;
				GCC_DYNAMIC_NO_PIC = NO;
				GCC_NO_COMMON_BLOCKS = YES;
				GCC_OPTIMIZATION_LEVEL = 0;
				GCC_PREPROCESSOR_DEFINITIONS = (
					"DEBUG=1",
					"$(inherited)",
				);
				GCC_WARN_64_TO_32_BIT_CONVERSION = YES;
				GCC_WARN_ABOUT_RETURN_TYPE = YES_ERROR;
				GCC_WARN_UNDECLARED_SELECTOR = YES;
				GCC_WARN_UNINITIALIZED_AUTOS = YES_AGGRESSIVE;
				GCC_WARN_UNUSED_FUNCTION = YES;
				GCC_WARN_UNUSED_VARIABLE = YES;
				LOCALIZATION_PREFERS_STRING_CATALOGS = YES;
				MACOSX_DEPLOYMENT_TARGET = 26.3;
				MTL_ENABLE_DEBUG_INFO = INCLUDE_SOURCE;
				MTL_FAST_MATH = YES;
				ONLY_ACTIVE_ARCH = YES;
				SDKROOT = macosx;
				SWIFT_ACTIVE_COMPILATION_CONDITIONS = "DEBUG $(inherited)";
				SWIFT_OPTIMIZATION_LEVEL = "-Onone";
			};
			name = Debug;
		};
		8A98F5522F8A908000D7ECF2 /* Release */ = {
			isa = XCBuildConfiguration;
			buildSettings = {
				ALWAYS_SEARCH_USER_PATHS = NO;
				ASSETCATALOG_COMPILER_GENERATE_SWIFT_ASSET_SYMBOL_EXTENSIONS = YES;
				CLANG_ANALYZER_NONNULL = YES;
				CLANG_ANALYZER_NUMBER_OBJECT_CONVERSION = YES_AGGRESSIVE;
				CLANG_CXX_LANGUAGE_STANDARD = "gnu++20";
				CLANG_ENABLE_MODULES = YES;
				CLANG_ENABLE_OBJC_ARC = YES;
				CLANG_ENABLE_OBJC_WEAK = YES;
				CLANG_WARN_BLOCK_CAPTURE_AUTORELEASING = YES;
				CLANG_WARN_BOOL_CONVERSION = YES;
				CLANG_WARN_COMMA = YES;
				CLANG_WARN_CONSTANT_CONVERSION = YES;
				CLANG_WARN_DEPRECATED_OBJC_IMPLEMENTATIONS = YES;
				CLANG_WARN_DIRECT_OBJC_ISA_USAGE = YES_ERROR;
				CLANG_WARN_DOCUMENTATION_COMMENTS = YES;
				CLANG_WARN_EMPTY_BODY = YES;
				CLANG_WARN_ENUM_CONVERSION = YES;
				CLANG_WARN_INFINITE_RECURSION = YES;
				CLANG_WARN_INT_CONVERSION = YES;
				CLANG_WARN_NON_LITERAL_NULL_CONVERSION = YES;
				CLANG_WARN_OBJC_IMPLICIT_RETAIN_SELF = YES;
				CLANG_WARN_OBJC_LITERAL_CONVERSION = YES;
				CLANG_WARN_OBJC_ROOT_CLASS = YES_ERROR;
				CLANG_WARN_QUOTED_INCLUDE_IN_FRAMEWORK_HEADER = YES;
				CLANG_WARN_RANGE_LOOP_ANALYSIS = YES;
				CLANG_WARN_STRICT_PROTOTYPES = YES;
				CLANG_WARN_SUSPICIOUS_MOVE = YES;
				CLANG_WARN_UNGUARDED_AVAILABILITY = YES_AGGRESSIVE;
				CLANG_WARN_UNREACHABLE_CODE = YES;
				CLANG_WARN__DUPLICATE_METHOD_MATCH = YES;
				COPY_PHASE_STRIP = NO;
				DEBUG_INFORMATION_FORMAT = "dwarf-with-dsym";
				DEVELOPMENT_TEAM = YQ64SRCZ7S;
				ENABLE_NS_ASSERTIONS = NO;
				ENABLE_STRICT_OBJC_MSGSEND = YES;
				ENABLE_USER_SCRIPT_SANDBOXING = YES;
				GCC_C_LANGUAGE_STANDARD = gnu17;
				GCC_NO_COMMON_BLOCKS = YES;
				GCC_WARN_64_TO_32_BIT_CONVERSION = YES;
				GCC_WARN_ABOUT_RETURN_TYPE = YES_ERROR;
				GCC_WARN_UNDECLARED_SELECTOR = YES;
				GCC_WARN_UNINITIALIZED_AUTOS = YES_AGGRESSIVE;
				GCC_WARN_UNUSED_FUNCTION = YES;
				GCC_WARN_UNUSED_VARIABLE = YES;
				LOCALIZATION_PREFERS_STRING_CATALOGS = YES;
				MACOSX_DEPLOYMENT_TARGET = 26.3;
				MTL_ENABLE_DEBUG_INFO = NO;
				MTL_FAST_MATH = YES;
				SDKROOT = macosx;
				SWIFT_COMPILATION_MODE = wholemodule;
			};
			name = Release;
		};
		8A98F5542F8A908000D7ECF2 /* Debug */ = {
			isa = XCBuildConfiguration;
			buildSettings = {
				ASSETCATALOG_COMPILER_APPICON_NAME = AppIcon;
				ASSETCATALOG_COMPILER_GLOBAL_ACCENT_COLOR_NAME = AccentColor;
				CODE_SIGN_ENTITLEMENTS = ClaudeUsage.entitlements;
				CODE_SIGN_STYLE = Automatic;
				COMBINE_HIDPI_IMAGES = YES;
				CURRENT_PROJECT_VERSION = 1;
				DEVELOPMENT_TEAM = YQ64SRCZ7S;
				ENABLE_APP_SANDBOX = YES;
				ENABLE_HARDENED_RUNTIME = YES;
				ENABLE_PREVIEWS = YES;
				GENERATE_INFOPLIST_FILE = YES;
				INFOPLIST_KEY_LSUIElement = YES;
				INFOPLIST_KEY_NSHumanReadableCopyright = "";
				LD_RUNPATH_SEARCH_PATHS = (
					"$(inherited)",
					"@executable_path/../Frameworks",
				);
				MARKETING_VERSION = 1.0;
				PRODUCT_BUNDLE_IDENTIFIER = lekmax.ClaudeUsage;
				PRODUCT_NAME = "$(TARGET_NAME)";
				REGISTER_APP_GROUPS = YES;
				STRING_CATALOG_GENERATE_SYMBOLS = YES;
				SWIFT_EMIT_LOC_STRINGS = YES;
				SWIFT_VERSION = 5.0;
			};
			name = Debug;
		};
		8A98F5552F8A908000D7ECF2 /* Release */ = {
			isa = XCBuildConfiguration;
			buildSettings = {
				ASSETCATALOG_COMPILER_APPICON_NAME = AppIcon;
				ASSETCATALOG_COMPILER_GLOBAL_ACCENT_COLOR_NAME = AccentColor;
				CODE_SIGN_ENTITLEMENTS = ClaudeUsage.entitlements;
				CODE_SIGN_STYLE = Automatic;
				COMBINE_HIDPI_IMAGES = YES;
				CURRENT_PROJECT_VERSION = 1;
				DEVELOPMENT_TEAM = YQ64SRCZ7S;
				ENABLE_APP_SANDBOX = YES;
				ENABLE_HARDENED_RUNTIME = YES;
				ENABLE_PREVIEWS = YES;
				GENERATE_INFOPLIST_FILE = YES;
				INFOPLIST_KEY_LSUIElement = YES;
				INFOPLIST_KEY_NSHumanReadableCopyright = "";
				LD_RUNPATH_SEARCH_PATHS = (
					"$(inherited)",
					"@executable_path/../Frameworks",
				);
				MARKETING_VERSION = 1.0;
				PRODUCT_BUNDLE_IDENTIFIER = lekmax.ClaudeUsage;
				PRODUCT_NAME = "$(TARGET_NAME)";
				REGISTER_APP_GROUPS = YES;
				STRING_CATALOG_GENERATE_SYMBOLS = YES;
				SWIFT_EMIT_LOC_STRINGS = YES;
				SWIFT_VERSION = 5.0;
			};
			name = Release;
		};
		8A98F5712F8A90A800D7ECF2 /* Debug */ = {
			isa = XCBuildConfiguration;
			buildSettings = {
				ASSETCATALOG_COMPILER_APPICON_NAME = AppIcon;
				ASSETCATALOG_COMPILER_GLOBAL_ACCENT_COLOR_NAME = AccentColor;
				ASSETCATALOG_COMPILER_WIDGET_BACKGROUND_COLOR_NAME = WidgetBackground;
				CODE_SIGN_ENTITLEMENTS = ClaudeUsageWidget/ClaudeUsageWidget.entitlements;
				CODE_SIGN_STYLE = Automatic;
				CURRENT_PROJECT_VERSION = 1;
				DEVELOPMENT_TEAM = YQ64SRCZ7S;
				ENABLE_APP_SANDBOX = YES;
				ENABLE_HARDENED_RUNTIME = YES;
				GENERATE_INFOPLIST_FILE = YES;
				INFOPLIST_FILE = ClaudeUsageWidget/Info.plist;
				INFOPLIST_KEY_CFBundleDisplayName = ClaudeUsageWidget;
				INFOPLIST_KEY_LSUIElement = YES;
				INFOPLIST_KEY_NSHumanReadableCopyright = "";
				LD_RUNPATH_SEARCH_PATHS = (
					"$(inherited)",
					"@executable_path/../Frameworks",
					"@executable_path/../../../../Frameworks",
				);
				MACOSX_DEPLOYMENT_TARGET = 26.3;
				MARKETING_VERSION = 1.0;
				PRODUCT_BUNDLE_IDENTIFIER = lekmax.ClaudeUsage.ClaudeUsageWidget;
				PRODUCT_NAME = "$(TARGET_NAME)";
				SKIP_INSTALL = YES;
				SWIFT_VERSION = 5.0;
			};
			name = Debug;
		};
		8A98F5722F8A90A800D7ECF2 /* Release */ = {
			isa = XCBuildConfiguration;
			buildSettings = {
				ASSETCATALOG_COMPILER_APPICON_NAME = AppIcon;
				ASSETCATALOG_COMPILER_GLOBAL_ACCENT_COLOR_NAME = AccentColor;
				ASSETCATALOG_COMPILER_WIDGET_BACKGROUND_COLOR_NAME = WidgetBackground;
				CODE_SIGN_ENTITLEMENTS = ClaudeUsageWidget/ClaudeUsageWidget.entitlements;
				CODE_SIGN_STYLE = Automatic;
				CURRENT_PROJECT_VERSION = 1;
				DEVELOPMENT_TEAM = YQ64SRCZ7S;
				ENABLE_APP_SANDBOX = YES;
				ENABLE_HARDENED_RUNTIME = YES;
				GENERATE_INFOPLIST_FILE = YES;
				INFOPLIST_FILE = ClaudeUsageWidget/Info.plist;
				INFOPLIST_KEY_CFBundleDisplayName = ClaudeUsageWidget;
				INFOPLIST_KEY_LSUIElement = YES;
				INFOPLIST_KEY_NSHumanReadableCopyright = "";
				LD_RUNPATH_SEARCH_PATHS = (
					"$(inherited)",
					"@executable_path/../Frameworks",
					"@executable_path/../../../../Frameworks",
				);
				MACOSX_DEPLOYMENT_TARGET = 26.3;
				MARKETING_VERSION = 1.0;
				PRODUCT_BUNDLE_IDENTIFIER = lekmax.ClaudeUsage.ClaudeUsageWidget;
				PRODUCT_NAME = "$(TARGET_NAME)";
				SKIP_INSTALL = YES;
				SWIFT_VERSION = 5.0;
			};
			name = Release;
		};
/* End XCBuildConfiguration section */

/* Begin XCConfigurationList section */
		8A98F5432F8A907F00D7ECF2 /* Build configuration list for PBXProject "ClaudeUsage" */ = {
			isa = XCConfigurationList;
			buildConfigurations = (
				8A98F5512F8A908000D7ECF2 /* Debug */,
				8A98F5522F8A908000D7ECF2 /* Release */,
			);
			defaultConfigurationIsVisible = 0;
			defaultConfigurationName = Release;
		};
		8A98F5532F8A908000D7ECF2 /* Build configuration list for PBXNativeTarget "ClaudeUsage" */ = {
			isa = XCConfigurationList;
			buildConfigurations = (
				8A98F5542F8A908000D7ECF2 /* Debug */,
				8A98F5552F8A908000D7ECF2 /* Release */,
			);
			defaultConfigurationIsVisible = 0;
			defaultConfigurationName = Release;
		};
		8A98F5702F8A90A800D7ECF2 /* Build configuration list for PBXNativeTarget "ClaudeUsageWidgetExtension" */ = {
			isa = XCConfigurationList;
			buildConfigurations = (
				8A98F5712F8A90A800D7ECF2 /* Debug */,
				8A98F5722F8A90A800D7ECF2 /* Release */,
			);
			defaultConfigurationIsVisible = 0;
			defaultConfigurationName = Release;
		};
/* End XCConfigurationList section */
	};
	rootObject = 8A98F5402F8A907F00D7ECF2 /* Project object */;
}
